PODS:
  - Masonry (1.1.0)
  - SDWebImage (5.18.6):
    - SDWebImage/Core (= 5.18.6)
  - SDWebImage/Core (5.18.6)

DEPENDENCIES:
  - Masonry
  - SDWebImage

SPEC REPOS:
  trunk:
    - Masonry
    - SDWebImage

SPEC CHECKSUMS:
  Masonry: 678fab65091a9290e40e2832a55e7ab731aad201
  SDWebImage: 3d8caa2430f3d674dbb3e515df4a100a2105af5f

PODFILE CHECKSUM: 736b417ceb33951ee1bf97354c540c73117782f9

COCOAPODS: 1.14.3
