// !$*UTF8*$!
{
	archiveVersion = 1;
	classes = {
	};
	objectVersion = 56;
	objects = {

/* Begin PBXBuildFile section */
		9412E2682B24D2720094A161 /* AppDelegate.m in Sources */ = {isa = PBXBuildFile; fileRef = 9412E2672B24D2720094A161 /* AppDelegate.m */; };
		9412E2712B24D2720094A161 /* Main.storyboard in Resources */ = {isa = PBXBuildFile; fileRef = 9412E26F2B24D2720094A161 /* Main.storyboard */; };
		9412E2732B24D2730094A161 /* Assets.xcassets in Resources */ = {isa = PBXBuildFile; fileRef = 9412E2722B24D2730094A161 /* Assets.xcassets */; };
		9412E2762B24D2730094A161 /* LaunchScreen.storyboard in Resources */ = {isa = PBXBuildFile; fileRef = 9412E2742B24D2730094A161 /* LaunchScreen.storyboard */; };
		9412E2792B24D2730094A161 /* main.m in Sources */ = {isa = PBXBuildFile; fileRef = 9412E2782B24D2730094A161 /* main.m */; };
		94D100352B349C1900374129 /* AlarmViewController.m in Sources */ = {isa = PBXBuildFile; fileRef = 94D100342B349C1900374129 /* AlarmViewController.m */; };
		94D100392B349C6200374129 /* StopWatchViewController.m in Sources */ = {isa = PBXBuildFile; fileRef = 94D100382B349C6200374129 /* StopWatchViewController.m */; };
		94D1004B2B3B238600374129 /* AddAlarmViewController.m in Sources */ = {isa = PBXBuildFile; fileRef = 94D1004A2B3B238600374129 /* AddAlarmViewController.m */; };
		94D1004D2B3C927B00374129 /* utils.m in Sources */ = {isa = PBXBuildFile; fileRef = 94D1004C2B3C927B00374129 /* utils.m */; };
		94D100502B42B85200374129 /* AlarmInfoArray.m in Sources */ = {isa = PBXBuildFile; fileRef = 94D1004F2B42B85200374129 /* AlarmInfoArray.m */; };
		94D100542B43052D00374129 /* AlarmItemCell.m in Sources */ = {isa = PBXBuildFile; fileRef = 94D100532B43052D00374129 /* AlarmItemCell.m */; };
		94D100572B446C6400374129 /* AlarmTitleCell.m in Sources */ = {isa = PBXBuildFile; fileRef = 94D100562B446C6400374129 /* AlarmTitleCell.m */; };
		BCC1C4FDE1E04D155CB2CD85 /* Pods_alarm_OC.framework in Frameworks */ = {isa = PBXBuildFile; fileRef = 0819D1AD69BEDBF20AE24F7A /* Pods_alarm_OC.framework */; };
/* End PBXBuildFile section */

/* Begin PBXFileReference section */
		0819D1AD69BEDBF20AE24F7A /* Pods_alarm_OC.framework */ = {isa = PBXFileReference; explicitFileType = wrapper.framework; includeInIndex = 0; path = Pods_alarm_OC.framework; sourceTree = BUILT_PRODUCTS_DIR; };
		7450FC267E0CD8C12A72D7C6 /* Pods-alarm_OC.release.xcconfig */ = {isa = PBXFileReference; includeInIndex = 1; lastKnownFileType = text.xcconfig; name = "Pods-alarm_OC.release.xcconfig"; path = "Target Support Files/Pods-alarm_OC/Pods-alarm_OC.release.xcconfig"; sourceTree = "<group>"; };
		928A12B1075F28F728310AE2 /* Pods-alarm_OC.debug.xcconfig */ = {isa = PBXFileReference; includeInIndex = 1; lastKnownFileType = text.xcconfig; name = "Pods-alarm_OC.debug.xcconfig"; path = "Target Support Files/Pods-alarm_OC/Pods-alarm_OC.debug.xcconfig"; sourceTree = "<group>"; };
		9412E2632B24D2720094A161 /* alarm_OC.app */ = {isa = PBXFileReference; explicitFileType = wrapper.application; includeInIndex = 0; path = alarm_OC.app; sourceTree = BUILT_PRODUCTS_DIR; };
		9412E2662B24D2720094A161 /* AppDelegate.h */ = {isa = PBXFileReference; lastKnownFileType = sourcecode.c.h; path = AppDelegate.h; sourceTree = "<group>"; };
		9412E2672B24D2720094A161 /* AppDelegate.m */ = {isa = PBXFileReference; lastKnownFileType = sourcecode.c.objc; path = AppDelegate.m; sourceTree = "<group>"; };
		9412E2702B24D2720094A161 /* Base */ = {isa = PBXFileReference; lastKnownFileType = file.storyboard; name = Base; path = Base.lproj/Main.storyboard; sourceTree = "<group>"; };
		9412E2722B24D2730094A161 /* Assets.xcassets */ = {isa = PBXFileReference; lastKnownFileType = folder.assetcatalog; path = Assets.xcassets; sourceTree = "<group>"; };
		9412E2752B24D2730094A161 /* Base */ = {isa = PBXFileReference; lastKnownFileType = file.storyboard; name = Base; path = Base.lproj/LaunchScreen.storyboard; sourceTree = "<group>"; };
		9412E2772B24D2730094A161 /* Info.plist */ = {isa = PBXFileReference; lastKnownFileType = text.plist.xml; path = Info.plist; sourceTree = "<group>"; };
		9412E2782B24D2730094A161 /* main.m */ = {isa = PBXFileReference; lastKnownFileType = sourcecode.c.objc; path = main.m; sourceTree = "<group>"; };
		94D100332B349C1900374129 /* AlarmViewController.h */ = {isa = PBXFileReference; lastKnownFileType = sourcecode.c.h; path = AlarmViewController.h; sourceTree = "<group>"; };
		94D100342B349C1900374129 /* AlarmViewController.m */ = {isa = PBXFileReference; lastKnownFileType = sourcecode.c.objc; path = AlarmViewController.m; sourceTree = "<group>"; };
		94D100372B349C6200374129 /* StopWatchViewController.h */ = {isa = PBXFileReference; lastKnownFileType = sourcecode.c.h; path = StopWatchViewController.h; sourceTree = "<group>"; };
		94D100382B349C6200374129 /* StopWatchViewController.m */ = {isa = PBXFileReference; lastKnownFileType = sourcecode.c.objc; path = StopWatchViewController.m; sourceTree = "<group>"; };
		94D100452B39E3DB00374129 /* utils.h */ = {isa = PBXFileReference; lastKnownFileType = sourcecode.c.h; path = utils.h; sourceTree = "<group>"; };
		94D100492B3B238600374129 /* AddAlarmViewController.h */ = {isa = PBXFileReference; lastKnownFileType = sourcecode.c.h; path = AddAlarmViewController.h; sourceTree = "<group>"; };
		94D1004A2B3B238600374129 /* AddAlarmViewController.m */ = {isa = PBXFileReference; lastKnownFileType = sourcecode.c.objc; path = AddAlarmViewController.m; sourceTree = "<group>"; };
		94D1004C2B3C927B00374129 /* utils.m */ = {isa = PBXFileReference; lastKnownFileType = sourcecode.c.objc; path = utils.m; sourceTree = "<group>"; };
		94D1004E2B42B85200374129 /* AlarmInfoArray.h */ = {isa = PBXFileReference; lastKnownFileType = sourcecode.c.h; path = AlarmInfoArray.h; sourceTree = "<group>"; };
		94D1004F2B42B85200374129 /* AlarmInfoArray.m */ = {isa = PBXFileReference; lastKnownFileType = sourcecode.c.objc; path = AlarmInfoArray.m; sourceTree = "<group>"; };
		94D100522B43052D00374129 /* AlarmItemCell.h */ = {isa = PBXFileReference; lastKnownFileType = sourcecode.c.h; path = AlarmItemCell.h; sourceTree = "<group>"; };
		94D100532B43052D00374129 /* AlarmItemCell.m */ = {isa = PBXFileReference; lastKnownFileType = sourcecode.c.objc; path = AlarmItemCell.m; sourceTree = "<group>"; };
		94D100552B446C6400374129 /* AlarmTitleCell.h */ = {isa = PBXFileReference; lastKnownFileType = sourcecode.c.h; path = AlarmTitleCell.h; sourceTree = "<group>"; };
		94D100562B446C6400374129 /* AlarmTitleCell.m */ = {isa = PBXFileReference; lastKnownFileType = sourcecode.c.objc; path = AlarmTitleCell.m; sourceTree = "<group>"; };
/* End PBXFileReference section */

/* Begin PBXFrameworksBuildPhase section */
		9412E2602B24D2720094A161 /* Frameworks */ = {
			isa = PBXFrameworksBuildPhase;
			buildActionMask = 2147483647;
			files = (
				BCC1C4FDE1E04D155CB2CD85 /* Pods_alarm_OC.framework in Frameworks */,
			);
			runOnlyForDeploymentPostprocessing = 0;
		};
/* End PBXFrameworksBuildPhase section */

/* Begin PBXGroup section */
		9412E25A2B24D2720094A161 = {
			isa = PBXGroup;
			children = (
				9412E2652B24D2720094A161 /* alarm_OC */,
				9412E2642B24D2720094A161 /* Products */,
				D2076242AD3E97D142BF8A0C /* Pods */,
				98A86FDC7A2215B289BB0AEE /* Frameworks */,
			);
			sourceTree = "<group>";
		};
		9412E2642B24D2720094A161 /* Products */ = {
			isa = PBXGroup;
			children = (
				9412E2632B24D2720094A161 /* alarm_OC.app */,
			);
			name = Products;
			sourceTree = "<group>";
		};
		9412E2652B24D2720094A161 /* alarm_OC */ = {
			isa = PBXGroup;
			children = (
				94D100402B39E0CD00374129 /* utils */,
				94D1003A2B349F5500374129 /* cell */,
				94D100322B349B4100374129 /* viewController */,
				9412E2662B24D2720094A161 /* AppDelegate.h */,
				9412E2672B24D2720094A161 /* AppDelegate.m */,
				9412E26F2B24D2720094A161 /* Main.storyboard */,
				9412E2722B24D2730094A161 /* Assets.xcassets */,
				9412E2742B24D2730094A161 /* LaunchScreen.storyboard */,
				9412E2772B24D2730094A161 /* Info.plist */,
				9412E2782B24D2730094A161 /* main.m */,
			);
			path = alarm_OC;
			sourceTree = "<group>";
		};
		94D100322B349B4100374129 /* viewController */ = {
			isa = PBXGroup;
			children = (
				94D100332B349C1900374129 /* AlarmViewController.h */,
				94D100342B349C1900374129 /* AlarmViewController.m */,
				94D100372B349C6200374129 /* StopWatchViewController.h */,
				94D100382B349C6200374129 /* StopWatchViewController.m */,
				94D100492B3B238600374129 /* AddAlarmViewController.h */,
				94D1004A2B3B238600374129 /* AddAlarmViewController.m */,
			);
			path = viewController;
			sourceTree = "<group>";
		};
		94D1003A2B349F5500374129 /* cell */ = {
			isa = PBXGroup;
			children = (
				94D100522B43052D00374129 /* AlarmItemCell.h */,
				94D100532B43052D00374129 /* AlarmItemCell.m */,
				94D100552B446C6400374129 /* AlarmTitleCell.h */,
				94D100562B446C6400374129 /* AlarmTitleCell.m */,
			);
			path = cell;
			sourceTree = "<group>";
		};
		94D100402B39E0CD00374129 /* utils */ = {
			isa = PBXGroup;
			children = (
				94D100452B39E3DB00374129 /* utils.h */,
				94D1004C2B3C927B00374129 /* utils.m */,
				94D1004E2B42B85200374129 /* AlarmInfoArray.h */,
				94D1004F2B42B85200374129 /* AlarmInfoArray.m */,
			);
			path = utils;
			sourceTree = "<group>";
		};
		98A86FDC7A2215B289BB0AEE /* Frameworks */ = {
			isa = PBXGroup;
			children = (
				0819D1AD69BEDBF20AE24F7A /* Pods_alarm_OC.framework */,
			);
			name = Frameworks;
			sourceTree = "<group>";
		};
		D2076242AD3E97D142BF8A0C /* Pods */ = {
			isa = PBXGroup;
			children = (
				928A12B1075F28F728310AE2 /* Pods-alarm_OC.debug.xcconfig */,
				7450FC267E0CD8C12A72D7C6 /* Pods-alarm_OC.release.xcconfig */,
			);
			path = Pods;
			sourceTree = "<group>";
		};
/* End PBXGroup section */

/* Begin PBXNativeTarget section */
		9412E2622B24D2720094A161 /* alarm_OC */ = {
			isa = PBXNativeTarget;
			buildConfigurationList = 9412E27C2B24D2730094A161 /* Build configuration list for PBXNativeTarget "alarm_OC" */;
			buildPhases = (
				F0AF3A77AAC7B96E758F5649 /* [CP] Check Pods Manifest.lock */,
				9412E25F2B24D2720094A161 /* Sources */,
				9412E2602B24D2720094A161 /* Frameworks */,
				9412E2612B24D2720094A161 /* Resources */,
				EF906865B38C81F6F518ABE2 /* [CP] Embed Pods Frameworks */,
			);
			buildRules = (
			);
			dependencies = (
			);
			name = alarm_OC;
			productName = alarm_OC;
			productReference = 9412E2632B24D2720094A161 /* alarm_OC.app */;
			productType = "com.apple.product-type.application";
		};
/* End PBXNativeTarget section */

/* Begin PBXProject section */
		9412E25B2B24D2720094A161 /* Project object */ = {
			isa = PBXProject;
			attributes = {
				BuildIndependentTargetsInParallel = 1;
				LastUpgradeCheck = 1500;
				TargetAttributes = {
					9412E2622B24D2720094A161 = {
						CreatedOnToolsVersion = 15.0.1;
					};
				};
			};
			buildConfigurationList = 9412E25E2B24D2720094A161 /* Build configuration list for PBXProject "alarm_OC" */;
			compatibilityVersion = "Xcode 14.0";
			developmentRegion = en;
			hasScannedForEncodings = 0;
			knownRegions = (
				en,
				Base,
			);
			mainGroup = 9412E25A2B24D2720094A161;
			productRefGroup = 9412E2642B24D2720094A161 /* Products */;
			projectDirPath = "";
			projectRoot = "";
			targets = (
				9412E2622B24D2720094A161 /* alarm_OC */,
			);
		};
/* End PBXProject section */

/* Begin PBXResourcesBuildPhase section */
		9412E2612B24D2720094A161 /* Resources */ = {
			isa = PBXResourcesBuildPhase;
			buildActionMask = 2147483647;
			files = (
				9412E2762B24D2730094A161 /* LaunchScreen.storyboard in Resources */,
				9412E2732B24D2730094A161 /* Assets.xcassets in Resources */,
				9412E2712B24D2720094A161 /* Main.storyboard in Resources */,
			);
			runOnlyForDeploymentPostprocessing = 0;
		};
/* End PBXResourcesBuildPhase section */

/* Begin PBXShellScriptBuildPhase section */
		EF906865B38C81F6F518ABE2 /* [CP] Embed Pods Frameworks */ = {
			isa = PBXShellScriptBuildPhase;
			buildActionMask = 2147483647;
			files = (
			);
			inputFileListPaths = (
				"${PODS_ROOT}/Target Support Files/Pods-alarm_OC/Pods-alarm_OC-frameworks-${CONFIGURATION}-input-files.xcfilelist",
			);
			name = "[CP] Embed Pods Frameworks";
			outputFileListPaths = (
				"${PODS_ROOT}/Target Support Files/Pods-alarm_OC/Pods-alarm_OC-frameworks-${CONFIGURATION}-output-files.xcfilelist",
			);
			runOnlyForDeploymentPostprocessing = 0;
			shellPath = /bin/sh;
			shellScript = "\"${PODS_ROOT}/Target Support Files/Pods-alarm_OC/Pods-alarm_OC-frameworks.sh\"\n";
			showEnvVarsInLog = 0;
		};
		F0AF3A77AAC7B96E758F5649 /* [CP] Check Pods Manifest.lock */ = {
			isa = PBXShellScriptBuildPhase;
			buildActionMask = 2147483647;
			files = (
			);
			inputFileListPaths = (
			);
			inputPaths = (
				"${PODS_PODFILE_DIR_PATH}/Podfile.lock",
				"${PODS_ROOT}/Manifest.lock",
			);
			name = "[CP] Check Pods Manifest.lock";
			outputFileListPaths = (
			);
			outputPaths = (
				"$(DERIVED_FILE_DIR)/Pods-alarm_OC-checkManifestLockResult.txt",
			);
			runOnlyForDeploymentPostprocessing = 0;
			shellPath = /bin/sh;
			shellScript = "diff \"${PODS_PODFILE_DIR_PATH}/Podfile.lock\" \"${PODS_ROOT}/Manifest.lock\" > /dev/null\nif [ $? != 0 ] ; then\n    # print error to STDERR\n    echo \"error: The sandbox is not in sync with the Podfile.lock. Run 'pod install' or update your CocoaPods installation.\" >&2\n    exit 1\nfi\n# This output is used by Xcode 'outputs' to avoid re-running this script phase.\necho \"SUCCESS\" > \"${SCRIPT_OUTPUT_FILE_0}\"\n";
			showEnvVarsInLog = 0;
		};
/* End PBXShellScriptBuildPhase section */

/* Begin PBXSourcesBuildPhase section */
		9412E25F2B24D2720094A161 /* Sources */ = {
			isa = PBXSourcesBuildPhase;
			buildActionMask = 2147483647;
			files = (
				94D1004B2B3B238600374129 /* AddAlarmViewController.m in Sources */,
				94D100352B349C1900374129 /* AlarmViewController.m in Sources */,
				94D100572B446C6400374129 /* AlarmTitleCell.m in Sources */,
				94D1004D2B3C927B00374129 /* utils.m in Sources */,
				9412E2682B24D2720094A161 /* AppDelegate.m in Sources */,
				94D100392B349C6200374129 /* StopWatchViewController.m in Sources */,
				94D100502B42B85200374129 /* AlarmInfoArray.m in Sources */,
				94D100542B43052D00374129 /* AlarmItemCell.m in Sources */,
				9412E2792B24D2730094A161 /* main.m in Sources */,
			);
			runOnlyForDeploymentPostprocessing = 0;
		};
/* End PBXSourcesBuildPhase section */

/* Begin PBXVariantGroup section */
		9412E26F2B24D2720094A161 /* Main.storyboard */ = {
			isa = PBXVariantGroup;
			children = (
				9412E2702B24D2720094A161 /* Base */,
			);
			name = Main.storyboard;
			sourceTree = "<group>";
		};
		9412E2742B24D2730094A161 /* LaunchScreen.storyboard */ = {
			isa = PBXVariantGroup;
			children = (
				9412E2752B24D2730094A161 /* Base */,
			);
			name = LaunchScreen.storyboard;
			sourceTree = "<group>";
		};
/* End PBXVariantGroup section */

/* Begin XCBuildConfiguration section */
		9412E27A2B24D2730094A161 /* Debug */ = {
			isa = XCBuildConfiguration;
			buildSettings = {
				ALWAYS_SEARCH_USER_PATHS = NO;
				ASSETCATALOG_COMPILER_GENERATE_SWIFT_ASSET_SYMBOL_EXTENSIONS = YES;
				CLANG_ANALYZER_NONNULL = YES;
				CLANG_ANALYZER_NUMBER_OBJECT_CONVERSION = YES_AGGRESSIVE;
				CLANG_CXX_LANGUAGE_STANDARD = "gnu++20";
				CLANG_ENABLE_MODULES = YES;
				CLANG_ENABLE_OBJC_ARC = YES;
				CLANG_ENABLE_OBJC_WEAK = YES;
				CLANG_WARN_BLOCK_CAPTURE_AUTORELEASING = YES;
				CLANG_WARN_BOOL_CONVERSION = YES;
				CLANG_WARN_COMMA = YES;
				CLANG_WARN_CONSTANT_CONVERSION = YES;
				CLANG_WARN_DEPRECATED_OBJC_IMPLEMENTATIONS = YES;
				CLANG_WARN_DIRECT_OBJC_ISA_USAGE = YES_ERROR;
				CLANG_WARN_DOCUMENTATION_COMMENTS = YES;
				CLANG_WARN_EMPTY_BODY = YES;
				CLANG_WARN_ENUM_CONVERSION = YES;
				CLANG_WARN_INFINITE_RECURSION = YES;
				CLANG_WARN_INT_CONVERSION = YES;
				CLANG_WARN_NON_LITERAL_NULL_CONVERSION = YES;
				CLANG_WARN_OBJC_IMPLICIT_RETAIN_SELF = YES;
				CLANG_WARN_OBJC_LITERAL_CONVERSION = YES;
				CLANG_WARN_OBJC_ROOT_CLASS = YES_ERROR;
				CLANG_WARN_QUOTED_INCLUDE_IN_FRAMEWORK_HEADER = YES;
				CLANG_WARN_RANGE_LOOP_ANALYSIS = YES;
				CLANG_WARN_STRICT_PROTOTYPES = YES;
				CLANG_WARN_SUSPICIOUS_MOVE = YES;
				CLANG_WARN_UNGUARDED_AVAILABILITY = YES_AGGRESSIVE;
				CLANG_WARN_UNREACHABLE_CODE = YES;
				CLANG_WARN__DUPLICATE_METHOD_MATCH = YES;
				COPY_PHASE_STRIP = NO;
				DEBUG_INFORMATION_FORMAT = dwarf;
				ENABLE_STRICT_OBJC_MSGSEND = YES;
				ENABLE_TESTABILITY = YES;
				ENABLE_USER_SCRIPT_SANDBOXING = YES;
				GCC_C_LANGUAGE_STANDARD = gnu17;
				GCC_DYNAMIC_NO_PIC = NO;
				GCC_NO_COMMON_BLOCKS = YES;
				GCC_OPTIMIZATION_LEVEL = 0;
				GCC_PREPROCESSOR_DEFINITIONS = (
					"DEBUG=1",
					"$(inherited)",
				);
				GCC_WARN_64_TO_32_BIT_CONVERSION = YES;
				GCC_WARN_ABOUT_RETURN_TYPE = YES_ERROR;
				GCC_WARN_UNDECLARED_SELECTOR = YES;
				GCC_WARN_UNINITIALIZED_AUTOS = YES_AGGRESSIVE;
				GCC_WARN_UNUSED_FUNCTION = YES;
				GCC_WARN_UNUSED_VARIABLE = YES;
				IPHONEOS_DEPLOYMENT_TARGET = 17.0;
				LOCALIZATION_PREFERS_STRING_CATALOGS = YES;
				MTL_ENABLE_DEBUG_INFO = INCLUDE_SOURCE;
				MTL_FAST_MATH = YES;
				ONLY_ACTIVE_ARCH = YES;
				SDKROOT = iphoneos;
			};
			name = Debug;
		};
		9412E27B2B24D2730094A161 /* Release */ = {
			isa = XCBuildConfiguration;
			buildSettings = {
				ALWAYS_SEARCH_USER_PATHS = NO;
				ASSETCATALOG_COMPILER_GENERATE_SWIFT_ASSET_SYMBOL_EXTENSIONS = YES;
				CLANG_ANALYZER_NONNULL = YES;
				CLANG_ANALYZER_NUMBER_OBJECT_CONVERSION = YES_AGGRESSIVE;
				CLANG_CXX_LANGUAGE_STANDARD = "gnu++20";
				CLANG_ENABLE_MODULES = YES;
				CLANG_ENABLE_OBJC_ARC = YES;
				CLANG_ENABLE_OBJC_WEAK = YES;
				CLANG_WARN_BLOCK_CAPTURE_AUTORELEASING = YES;
				CLANG_WARN_BOOL_CONVERSION = YES;
				CLANG_WARN_COMMA = YES;
				CLANG_WARN_CONSTANT_CONVERSION = YES;
				CLANG_WARN_DEPRECATED_OBJC_IMPLEMENTATIONS = YES;
				CLANG_WARN_DIRECT_OBJC_ISA_USAGE = YES_ERROR;
				CLANG_WARN_DOCUMENTATION_COMMENTS = YES;
				CLANG_WARN_EMPTY_BODY = YES;
				CLANG_WARN_ENUM_CONVERSION = YES;
				CLANG_WARN_INFINITE_RECURSION = YES;
				CLANG_WARN_INT_CONVERSION = YES;
				CLANG_WARN_NON_LITERAL_NULL_CONVERSION = YES;
				CLANG_WARN_OBJC_IMPLICIT_RETAIN_SELF = YES;
				CLANG_WARN_OBJC_LITERAL_CONVERSION = YES;
				CLANG_WARN_OBJC_ROOT_CLASS = YES_ERROR;
				CLANG_WARN_QUOTED_INCLUDE_IN_FRAMEWORK_HEADER = YES;
				CLANG_WARN_RANGE_LOOP_ANALYSIS = YES;
				CLANG_WARN_STRICT_PROTOTYPES = YES;
				CLANG_WARN_SUSPICIOUS_MOVE = YES;
				CLANG_WARN_UNGUARDED_AVAILABILITY = YES_AGGRESSIVE;
				CLANG_WARN_UNREACHABLE_CODE = YES;
				CLANG_WARN__DUPLICATE_METHOD_MATCH = YES;
				COPY_PHASE_STRIP = NO;
				DEBUG_INFORMATION_FORMAT = "dwarf-with-dsym";
				ENABLE_NS_ASSERTIONS = NO;
				ENABLE_STRICT_OBJC_MSGSEND = YES;
				ENABLE_USER_SCRIPT_SANDBOXING = YES;
				GCC_C_LANGUAGE_STANDARD = gnu17;
				GCC_NO_COMMON_BLOCKS = YES;
				GCC_WARN_64_TO_32_BIT_CONVERSION = YES;
				GCC_WARN_ABOUT_RETURN_TYPE = YES_ERROR;
				GCC_WARN_UNDECLARED_SELECTOR = YES;
				GCC_WARN_UNINITIALIZED_AUTOS = YES_AGGRESSIVE;
				GCC_WARN_UNUSED_FUNCTION = YES;
				GCC_WARN_UNUSED_VARIABLE = YES;
				IPHONEOS_DEPLOYMENT_TARGET = 17.0;
				LOCALIZATION_PREFERS_STRING_CATALOGS = YES;
				MTL_ENABLE_DEBUG_INFO = NO;
				MTL_FAST_MATH = YES;
				SDKROOT = iphoneos;
				VALIDATE_PRODUCT = YES;
			};
			name = Release;
		};
		9412E27D2B24D2730094A161 /* Debug */ = {
			isa = XCBuildConfiguration;
			baseConfigurationReference = 928A12B1075F28F728310AE2 /* Pods-alarm_OC.debug.xcconfig */;
			buildSettings = {
				ASSETCATALOG_COMPILER_APPICON_NAME = AppIcon;
				ASSETCATALOG_COMPILER_GLOBAL_ACCENT_COLOR_NAME = AccentColor;
				CODE_SIGN_STYLE = Automatic;
				CURRENT_PROJECT_VERSION = 1;
				DEVELOPMENT_TEAM = Q5JYS44CVZ;
				ENABLE_USER_SCRIPT_SANDBOXING = NO;
				GENERATE_INFOPLIST_FILE = YES;
				INFOPLIST_FILE = alarm_OC/Info.plist;
				INFOPLIST_KEY_UIApplicationSupportsIndirectInputEvents = YES;
				INFOPLIST_KEY_UILaunchStoryboardName = LaunchScreen;
				INFOPLIST_KEY_UIMainStoryboardFile = Main;
				INFOPLIST_KEY_UISupportedInterfaceOrientations_iPad = "UIInterfaceOrientationPortrait UIInterfaceOrientationPortraitUpsideDown UIInterfaceOrientationLandscapeLeft UIInterfaceOrientationLandscapeRight";
				INFOPLIST_KEY_UISupportedInterfaceOrientations_iPhone = "UIInterfaceOrientationPortrait UIInterfaceOrientationLandscapeLeft UIInterfaceOrientationLandscapeRight";
				IPHONEOS_DEPLOYMENT_TARGET = 13.0;
				LD_RUNPATH_SEARCH_PATHS = (
					"$(inherited)",
					"@executable_path/Frameworks",
				);
				MARKETING_VERSION = 1.0;
				PRODUCT_BUNDLE_IDENTIFIER = "demoProject.alarm-OC";
				PRODUCT_NAME = "$(TARGET_NAME)";
				SWIFT_EMIT_LOC_STRINGS = YES;
				TARGETED_DEVICE_FAMILY = "1,2";
			};
			name = Debug;
		};
		9412E27E2B24D2730094A161 /* Release */ = {
			isa = XCBuildConfiguration;
			baseConfigurationReference = 7450FC267E0CD8C12A72D7C6 /* Pods-alarm_OC.release.xcconfig */;
			buildSettings = {
				ASSETCATALOG_COMPILER_APPICON_NAME = AppIcon;
				ASSETCATALOG_COMPILER_GLOBAL_ACCENT_COLOR_NAME = AccentColor;
				CODE_SIGN_STYLE = Automatic;
				CURRENT_PROJECT_VERSION = 1;
				DEVELOPMENT_TEAM = Q5JYS44CVZ;
				ENABLE_USER_SCRIPT_SANDBOXING = NO;
				GENERATE_INFOPLIST_FILE = YES;
				INFOPLIST_FILE = alarm_OC/Info.plist;
				INFOPLIST_KEY_UIApplicationSupportsIndirectInputEvents = YES;
				INFOPLIST_KEY_UILaunchStoryboardName = LaunchScreen;
				INFOPLIST_KEY_UIMainStoryboardFile = Main;
				INFOPLIST_KEY_UISupportedInterfaceOrientations_iPad = "UIInterfaceOrientationPortrait UIInterfaceOrientationPortraitUpsideDown UIInterfaceOrientationLandscapeLeft UIInterfaceOrientationLandscapeRight";
				INFOPLIST_KEY_UISupportedInterfaceOrientations_iPhone = "UIInterfaceOrientationPortrait UIInterfaceOrientationLandscapeLeft UIInterfaceOrientationLandscapeRight";
				IPHONEOS_DEPLOYMENT_TARGET = 13.0;
				LD_RUNPATH_SEARCH_PATHS = (
					"$(inherited)",
					"@executable_path/Frameworks",
				);
				MARKETING_VERSION = 1.0;
				PRODUCT_BUNDLE_IDENTIFIER = "demoProject.alarm-OC";
				PRODUCT_NAME = "$(TARGET_NAME)";
				SWIFT_EMIT_LOC_STRINGS = YES;
				TARGETED_DEVICE_FAMILY = "1,2";
			};
			name = Release;
		};
/* End XCBuildConfiguration section */

/* Begin XCConfigurationList section */
		9412E25E2B24D2720094A161 /* Build configuration list for PBXProject "alarm_OC" */ = {
			isa = XCConfigurationList;
			buildConfigurations = (
				9412E27A2B24D2730094A161 /* Debug */,
				9412E27B2B24D2730094A161 /* Release */,
			);
			defaultConfigurationIsVisible = 0;
			defaultConfigurationName = Release;
		};
		9412E27C2B24D2730094A161 /* Build configuration list for PBXNativeTarget "alarm_OC" */ = {
			isa = XCConfigurationList;
			buildConfigurations = (
				9412E27D2B24D2730094A161 /* Debug */,
				9412E27E2B24D2730094A161 /* Release */,
			);
			defaultConfigurationIsVisible = 0;
			defaultConfigurationName = Release;
		};
/* End XCConfigurationList section */
	};
	rootObject = 9412E25B2B24D2720094A161 /* Project object */;
}
